
Microsoft Visual Studio Solution File, Format Version 12.00
# Visual Studio Version 16
VisualStudioVersion = 16.0.29509.3
MinimumVisualStudioVersion = 10.0.40219.1
Project("{9A19103F-16F7-4668-BE54-9A1E7A4F7556}") = "PocketGym.API", "src\PocketGym.API\PocketGym.API.csproj", "{16FBB360-6F62-4B58-BE83-7D93A82C74BA}"
EndProject
Project("{2150E333-8FDC-42A3-9474-1A3956D46DE8}") = "1. Presentation", "1. Presentation", "{CD2B0072-E980-4469-AB61-D6596258E3A7}"
EndProject
Project("{2150E333-8FDC-42A3-9474-1A3956D46DE8}") = "2. Application", "2. Application", "{9F5BADAC-7E26-409C-9B9C-F6ED7FF7E477}"
EndProject
Project("{9A19103F-16F7-4668-BE54-9A1E7A4F7556}") = "PocketGym.Application", "src\PocketGym.Application\PocketGym.Application.csproj", "{153D676F-D2A8-4C7F-89C8-464DFDA37883}"
EndProject
Project("{2150E333-8FDC-42A3-9474-1A3956D46DE8}") = "5. Test", "5. Test", "{6024CD6A-6DF0-467B-8960-4DD94FD57E19}"
EndProject
Project("{2150E333-8FDC-42A3-9474-1A3956D46DE8}") = "3. Domain", "3. Domain", "{32A83BBB-BC9D-46A4-A687-63256A37622C}"
EndProject
Project("{9A19103F-16F7-4668-BE54-9A1E7A4F7556}") = "PocketGym.Domain", "src\PocketGym.Domain\PocketGym.Domain.csproj", "{B6F00B0F-4C6D-4D57-BC7E-7BCFA3A3F7E9}"
EndProject
Project("{2150E333-8FDC-42A3-9474-1A3956D46DE8}") = "4. Infrastructure", "4. Infrastructure", "{9C63A3DA-415D-462C-817B-8482FD6923F5}"
EndProject
Project("{9A19103F-16F7-4668-BE54-9A1E7A4F7556}") = "PocketGym.Infrastructure.CrossCutting", "src\PocketGym.Infrastructure.CrossCutting\PocketGym.Infrastructure.CrossCutting.csproj", "{BA904776-A094-408E-BE4A-C3B28C43F06F}"
EndProject
Project("{9A19103F-16F7-4668-BE54-9A1E7A4F7556}") = "PocketGym.Application.Core", "src\PocketGym.Application.Core\PocketGym.Application.Core.csproj", "{0C4A697C-3F78-48A0-BB8B-46A07D09B5E3}"
EndProject
Project("{9A19103F-16F7-4668-BE54-9A1E7A4F7556}") = "PocketGym.Domain.Core", "src\PocketGym.Domain.Core\PocketGym.Domain.Core.csproj", "{B91FA023-D3A5-459C-90FF-9D6F0B6AE3A4}"
EndProject
Project("{9A19103F-16F7-4668-BE54-9A1E7A4F7556}") = "PocketGym.API.Test", "test\PocketGym.API.Test\PocketGym.API.Test.csproj", "{AA90D90C-8694-4C39-9F29-0B47F6D4669B}"
EndProject
Project("{9A19103F-16F7-4668-BE54-9A1E7A4F7556}") = "PocketGym.Infrastructure.Repository.MongoDb", "src\PocketGym.Infrastructure.Repository.MongoDb\PocketGym.Infrastructure.Repository.MongoDb.csproj", "{3F941914-EC8A-4534-9BD0-964F0AC48DEF}"
EndProject
Project("{FAE04EC0-301F-11D3-BF4B-00C04F79EFBC}") = "PocketGym.Infrastructure.Repository.RavenDb", "src\PocketGym.Infrastructure.Repository.RavenDb\PocketGym.Infrastructure.Repository.RavenDb.csproj", "{12D40EC3-9B69-419E-BFF8-C9AA358F19F8}"
EndProject
Global
	GlobalSection(SolutionConfigurationPlatforms) = preSolution
		Debug|Any CPU = Debug|Any CPU
		Release|Any CPU = Release|Any CPU
	EndGlobalSection
	GlobalSection(ProjectConfigurationPlatforms) = postSolution
		{16FBB360-6F62-4B58-BE83-7D93A82C74BA}.Debug|Any CPU.ActiveCfg = Debug|Any CPU
		{16FBB360-6F62-4B58-BE83-7D93A82C74BA}.Debug|Any CPU.Build.0 = Debug|Any CPU
		{16FBB360-6F62-4B58-BE83-7D93A82C74BA}.Release|Any CPU.ActiveCfg = Release|Any CPU
		{16FBB360-6F62-4B58-BE83-7D93A82C74BA}.Release|Any CPU.Build.0 = Release|Any CPU
		{153D676F-D2A8-4C7F-89C8-464DFDA37883}.Debug|Any CPU.ActiveCfg = Debug|Any CPU
		{153D676F-D2A8-4C7F-89C8-464DFDA37883}.Debug|Any CPU.Build.0 = Debug|Any CPU
		{153D676F-D2A8-4C7F-89C8-464DFDA37883}.Release|Any CPU.ActiveCfg = Release|Any CPU
		{153D676F-D2A8-4C7F-89C8-464DFDA37883}.Release|Any CPU.Build.0 = Release|Any CPU
		{B6F00B0F-4C6D-4D57-BC7E-7BCFA3A3F7E9}.Debug|Any CPU.ActiveCfg = Debug|Any CPU
		{B6F00B0F-4C6D-4D57-BC7E-7BCFA3A3F7E9}.Debug|Any CPU.Build.0 = Debug|Any CPU
		{B6F00B0F-4C6D-4D57-BC7E-7BCFA3A3F7E9}.Release|Any CPU.ActiveCfg = Release|Any CPU
		{B6F00B0F-4C6D-4D57-BC7E-7BCFA3A3F7E9}.Release|Any CPU.Build.0 = Release|Any CPU
		{BA904776-A094-408E-BE4A-C3B28C43F06F}.Debug|Any CPU.ActiveCfg = Debug|Any CPU
		{BA904776-A094-408E-BE4A-C3B28C43F06F}.Debug|Any CPU.Build.0 = Debug|Any CPU
		{BA904776-A094-408E-BE4A-C3B28C43F06F}.Release|Any CPU.ActiveCfg = Release|Any CPU
		{BA904776-A094-408E-BE4A-C3B28C43F06F}.Release|Any CPU.Build.0 = Release|Any CPU
		{0C4A697C-3F78-48A0-BB8B-46A07D09B5E3}.Debug|Any CPU.ActiveCfg = Debug|Any CPU
		{0C4A697C-3F78-48A0-BB8B-46A07D09B5E3}.Debug|Any CPU.Build.0 = Debug|Any CPU
		{0C4A697C-3F78-48A0-BB8B-46A07D09B5E3}.Release|Any CPU.ActiveCfg = Release|Any CPU
		{0C4A697C-3F78-48A0-BB8B-46A07D09B5E3}.Release|Any CPU.Build.0 = Release|Any CPU
		{B91FA023-D3A5-459C-90FF-9D6F0B6AE3A4}.Debug|Any CPU.ActiveCfg = Debug|Any CPU
		{B91FA023-D3A5-459C-90FF-9D6F0B6AE3A4}.Debug|Any CPU.Build.0 = Debug|Any CPU
		{B91FA023-D3A5-459C-90FF-9D6F0B6AE3A4}.Release|Any CPU.ActiveCfg = Release|Any CPU
		{B91FA023-D3A5-459C-90FF-9D6F0B6AE3A4}.Release|Any CPU.Build.0 = Release|Any CPU
		{AA90D90C-8694-4C39-9F29-0B47F6D4669B}.Debug|Any CPU.ActiveCfg = Debug|Any CPU
		{AA90D90C-8694-4C39-9F29-0B47F6D4669B}.Debug|Any CPU.Build.0 = Debug|Any CPU
		{AA90D90C-8694-4C39-9F29-0B47F6D4669B}.Release|Any CPU.ActiveCfg = Release|Any CPU
		{AA90D90C-8694-4C39-9F29-0B47F6D4669B}.Release|Any CPU.Build.0 = Release|Any CPU
		{3F941914-EC8A-4534-9BD0-964F0AC48DEF}.Debug|Any CPU.ActiveCfg = Debug|Any CPU
		{3F941914-EC8A-4534-9BD0-964F0AC48DEF}.Debug|Any CPU.Build.0 = Debug|Any CPU
		{3F941914-EC8A-4534-9BD0-964F0AC48DEF}.Release|Any CPU.ActiveCfg = Release|Any CPU
		{3F941914-EC8A-4534-9BD0-964F0AC48DEF}.Release|Any CPU.Build.0 = Release|Any CPU
		{12D40EC3-9B69-419E-BFF8-C9AA358F19F8}.Debug|Any CPU.ActiveCfg = Debug|Any CPU
		{12D40EC3-9B69-419E-BFF8-C9AA358F19F8}.Debug|Any CPU.Build.0 = Debug|Any CPU
		{12D40EC3-9B69-419E-BFF8-C9AA358F19F8}.Release|Any CPU.ActiveCfg = Release|Any CPU
		{12D40EC3-9B69-419E-BFF8-C9AA358F19F8}.Release|Any CPU.Build.0 = Release|Any CPU
	EndGlobalSection
	GlobalSection(SolutionProperties) = preSolution
		HideSolutionNode = FALSE
	EndGlobalSection
	GlobalSection(NestedProjects) = preSolution
		{16FBB360-6F62-4B58-BE83-7D93A82C74BA} = {CD2B0072-E980-4469-AB61-D6596258E3A7}
		{153D676F-D2A8-4C7F-89C8-464DFDA37883} = {9F5BADAC-7E26-409C-9B9C-F6ED7FF7E477}
		{B6F00B0F-4C6D-4D57-BC7E-7BCFA3A3F7E9} = {32A83BBB-BC9D-46A4-A687-63256A37622C}
		{BA904776-A094-408E-BE4A-C3B28C43F06F} = {9C63A3DA-415D-462C-817B-8482FD6923F5}
		{0C4A697C-3F78-48A0-BB8B-46A07D09B5E3} = {9F5BADAC-7E26-409C-9B9C-F6ED7FF7E477}
		{B91FA023-D3A5-459C-90FF-9D6F0B6AE3A4} = {32A83BBB-BC9D-46A4-A687-63256A37622C}
		{AA90D90C-8694-4C39-9F29-0B47F6D4669B} = {6024CD6A-6DF0-467B-8960-4DD94FD57E19}
		{3F941914-EC8A-4534-9BD0-964F0AC48DEF} = {9C63A3DA-415D-462C-817B-8482FD6923F5}
		{12D40EC3-9B69-419E-BFF8-C9AA358F19F8} = {9C63A3DA-415D-462C-817B-8482FD6923F5}
	EndGlobalSection
	GlobalSection(ExtensibilityGlobals) = postSolution
		SolutionGuid = {8F1B97D8-66D1-458D-8265-EACE12ECA54B}
	EndGlobalSection
EndGlobal
