
Microsoft Visual Studio Solution File, Format Version 12.00
# Visual Studio Version 16
VisualStudioVersion = 16.0.30114.105
MinimumVisualStudioVersion = 10.0.40219.1
Project("{2150E333-8FDC-42A3-9474-1A3956D46DE8}") = "src", "src", "{2D0867A3-16DD-4B0B-8A09-89BE4EC23536}"
EndProject
Project("{FAE04EC0-301F-11D3-BF4B-00C04F79EFBC}") = "YourPocketGym.API", "src\ypg-api\YourPocketGym.API.csproj", "{EAC27716-563F-4B02-9103-271701B14687}"
EndProject
Project("{FAE04EC0-301F-11D3-BF4B-00C04F79EFBC}") = "YourPocketGym.Application", "src\ypg-application\YourPocketGym.Application.csproj", "{D09BC490-00DE-4889-9AB4-22FFD000D6A2}"
EndProject
Global
	GlobalSection(SolutionConfigurationPlatforms) = preSolution
		Debug|Any CPU = Debug|Any CPU
		Debug|x64 = Debug|x64
		Debug|x86 = Debug|x86
		Release|Any CPU = Release|Any CPU
		Release|x64 = Release|x64
		Release|x86 = Release|x86
	EndGlobalSection
	GlobalSection(SolutionProperties) = preSolution
		HideSolutionNode = FALSE
	EndGlobalSection
	GlobalSection(ProjectConfigurationPlatforms) = postSolution
		{EAC27716-563F-4B02-9103-271701B14687}.Debug|Any CPU.ActiveCfg = Debug|Any CPU
		{EAC27716-563F-4B02-9103-271701B14687}.Debug|Any CPU.Build.0 = Debug|Any CPU
		{EAC27716-563F-4B02-9103-271701B14687}.Debug|x64.ActiveCfg = Debug|Any CPU
		{EAC27716-563F-4B02-9103-271701B14687}.Debug|x64.Build.0 = Debug|Any CPU
		{EAC27716-563F-4B02-9103-271701B14687}.Debug|x86.ActiveCfg = Debug|Any CPU
		{EAC27716-563F-4B02-9103-271701B14687}.Debug|x86.Build.0 = Debug|Any CPU
		{EAC27716-563F-4B02-9103-271701B14687}.Release|Any CPU.ActiveCfg = Release|Any CPU
		{EAC27716-563F-4B02-9103-271701B14687}.Release|Any CPU.Build.0 = Release|Any CPU
		{EAC27716-563F-4B02-9103-271701B14687}.Release|x64.ActiveCfg = Release|Any CPU
		{EAC27716-563F-4B02-9103-271701B14687}.Release|x64.Build.0 = Release|Any CPU
		{EAC27716-563F-4B02-9103-271701B14687}.Release|x86.ActiveCfg = Release|Any CPU
		{EAC27716-563F-4B02-9103-271701B14687}.Release|x86.Build.0 = Release|Any CPU
		{D09BC490-00DE-4889-9AB4-22FFD000D6A2}.Debug|Any CPU.ActiveCfg = Debug|Any CPU
		{D09BC490-00DE-4889-9AB4-22FFD000D6A2}.Debug|Any CPU.Build.0 = Debug|Any CPU
		{D09BC490-00DE-4889-9AB4-22FFD000D6A2}.Debug|x64.ActiveCfg = Debug|Any CPU
		{D09BC490-00DE-4889-9AB4-22FFD000D6A2}.Debug|x64.Build.0 = Debug|Any CPU
		{D09BC490-00DE-4889-9AB4-22FFD000D6A2}.Debug|x86.ActiveCfg = Debug|Any CPU
		{D09BC490-00DE-4889-9AB4-22FFD000D6A2}.Debug|x86.Build.0 = Debug|Any CPU
		{D09BC490-00DE-4889-9AB4-22FFD000D6A2}.Release|Any CPU.ActiveCfg = Release|Any CPU
		{D09BC490-00DE-4889-9AB4-22FFD000D6A2}.Release|Any CPU.Build.0 = Release|Any CPU
		{D09BC490-00DE-4889-9AB4-22FFD000D6A2}.Release|x64.ActiveCfg = Release|Any CPU
		{D09BC490-00DE-4889-9AB4-22FFD000D6A2}.Release|x64.Build.0 = Release|Any CPU
		{D09BC490-00DE-4889-9AB4-22FFD000D6A2}.Release|x86.ActiveCfg = Release|Any CPU
		{D09BC490-00DE-4889-9AB4-22FFD000D6A2}.Release|x86.Build.0 = Release|Any CPU
	EndGlobalSection
	GlobalSection(NestedProjects) = preSolution
		{EAC27716-563F-4B02-9103-271701B14687} = {2D0867A3-16DD-4B0B-8A09-89BE4EC23536}
		{D09BC490-00DE-4889-9AB4-22FFD000D6A2} = {2D0867A3-16DD-4B0B-8A09-89BE4EC23536}
	EndGlobalSection
EndGlobal
